
Microsoft Visual Studio Solution File, Format Version 12.00
# Visual Studio Version 17
VisualStudioVersion = 17.2.32630.192
MinimumVisualStudioVersion = 10.0.40219.1
Project("{FAE04EC0-301F-11D3-BF4B-00C04F79EFBC}") = "EjemploControles", "EjemploControles\EjemploControles.csproj", "{D5A83D72-1379-4992-8020-522EAF441439}"
EndProject
Global
	GlobalSection(SolutionConfigurationPlatforms) = preSolution
		Debug|Any CPU = Debug|Any CPU
		Release|Any CPU = Release|Any CPU
	EndGlobalSection
	GlobalSection(ProjectConfigurationPlatforms) = postSolution
		{D5A83D72-1379-4992-8020-522EAF441439}.Debug|Any CPU.ActiveCfg = Debug|Any CPU
		{D5A83D72-1379-4992-8020-522EAF441439}.Debug|Any CPU.Build.0 = Debug|Any CPU
		{D5A83D72-1379-4992-8020-522EAF441439}.Release|Any CPU.ActiveCfg = Release|Any CPU
		{D5A83D72-1379-4992-8020-522EAF441439}.Release|Any CPU.Build.0 = Release|Any CPU
	EndGlobalSection
	GlobalSection(SolutionProperties) = preSolution
		HideSolutionNode = FALSE
	EndGlobalSection
	GlobalSection(ExtensibilityGlobals) = postSolution
		SolutionGuid = {EEE32307-71D2-4778-B609-1929CD2158E3}
	EndGlobalSection
EndGlobal
